<?xml version="1.0" encoding="utf-8"?>
<Project ToolsVersion="4.0" xmlns="http://schemas.microsoft.com/developer/msbuild/2003">
  <ItemGroup>
    <Filter Include="Source Files">
      <UniqueIdentifier>{4FC737F1-C7A5-4376-A066-2A32D752A2FF}</UniqueIdentifier>
      <Extensions>cpp;c;cc;cxx;def;odl;idl;hpj;bat;asm;asmx</Extensions>
    </Filter>
    <Filter Include="Header Files">
      <UniqueIdentifier>{93995380-89BD-4b04-88EB-625FBE52EBFB}</UniqueIdentifier>
      <Extensions>h;hh;hpp;hxx;hm;inl;inc;ipp;xsd</Extensions>
    </Filter>
    <Filter Include="Resource Files">
      <UniqueIdentifier>{67DA6AB6-F800-4c08-8B7A-83BB121AAD01}</UniqueIdentifier>
      <Extensions>rc;ico;cur;bmp;dlg;rc2;rct;bin;rgs;gif;jpg;jpeg;jpe;resx;tiff;tif;png;wav;mfcribbon-ms</Extensions>
    </Filter>
    <Filter Include="Source Files\GameObject">
      <UniqueIdentifier>{7c0b0923-1f11-44a4-a6db-c45d09f8e5df}</UniqueIdentifier>
    </Filter>
    <Filter Include="Header Files\GameObject">
      <UniqueIdentifier>{acd20e6b-3625-4c6d-a478-5a8ebb554c6f}</UniqueIdentifier>
    </Filter>
    <Filter Include="Source Files\BallStatus">
      <UniqueIdentifier>{6c4755e3-4b68-4def-8be0-7b69a0d9b17d}</UniqueIdentifier>
    </Filter>
    <Filter Include="Header Files\BallStatus">
      <UniqueIdentifier>{78d81dff-1953-4fac-9e52-124af59f80fb}</UniqueIdentifier>
    </Filter>
    <Filter Include="Source Files\Assets">
      <UniqueIdentifier>{251fa118-41c5-4c6a-ae08-838fca3f569b}</UniqueIdentifier>
    </Filter>
    <Filter Include="Header Files\Assets">
      <UniqueIdentifier>{269a885f-0506-49fc-9a83-d04d51414ee3}</UniqueIdentifier>
    </Filter>
    <Filter Include="Header Files\Data">
      <UniqueIdentifier>{b96a1566-c120-41e1-ab3e-e634669028fb}</UniqueIdentifier>
    </Filter>
    <Filter Include="Source Files\Data">
      <UniqueIdentifier>{5869a412-f1ce-46b4-a92c-8d5a089e6cd9}</UniqueIdentifier>
    </Filter>
  </ItemGroup>
  <ItemGroup>
    <ClCompile Include="main.cpp">
      <Filter>Source Files</Filter>
    </ClCompile>
    <ClCompile Include="Game.cpp">
      <Filter>Source Files</Filter>
    </ClCompile>
    <ClCompile Include="stdafx.cpp">
      <Filter>Source Files</Filter>
    </ClCompile>
    <ClCompile Include="Conversion.cpp">
      <Filter>Source Files</Filter>
    </ClCompile>
    <ClCompile Include="Debug.cpp">
      <Filter>Source Files</Filter>
    </ClCompile>
    <ClCompile Include="Ball.cpp">
      <Filter>Source Files\GameObject</Filter>
    </ClCompile>
    <ClCompile Include="Block.cpp">
      <Filter>Source Files\GameObject</Filter>
    </ClCompile>
    <ClCompile Include="Bounds.cpp">
      <Filter>Source Files\GameObject</Filter>
    </ClCompile>
    <ClCompile Include="GameObject.cpp">
      <Filter>Source Files\GameObject</Filter>
    </ClCompile>
    <ClCompile Include="Paddle.cpp">
      <Filter>Source Files\GameObject</Filter>
    </ClCompile>
    <ClCompile Include="BlockMaker.cpp">
      <Filter>Source Files</Filter>
    </ClCompile>
    <ClCompile Include="BallStatusEffect.cpp">
      <Filter>Source Files\BallStatus</Filter>
    </ClCompile>
    <ClCompile Include="BallStatus_Downfall.cpp">
      <Filter>Source Files\BallStatus</Filter>
    </ClCompile>
    <ClCompile Include="BallStatus_Accelerate.cpp">
      <Filter>Source Files\BallStatus</Filter>
    </ClCompile>
    <ClCompile Include="Menu.cpp">
      <Filter>Source Files</Filter>
    </ClCompile>
    <ClCompile Include="Input.cpp">
      <Filter>Source Files</Filter>
    </ClCompile>
    <ClCompile Include="Textures.cpp">
      <Filter>Source Files\Assets</Filter>
    </ClCompile>
    <ClCompile Include="Sounds.cpp">
      <Filter>Source Files\Assets</Filter>
    </ClCompile>
    <ClCompile Include="Fonts.cpp">
      <Filter>Source Files\Assets</Filter>
    </ClCompile>
    <ClCompile Include="Level.cpp">
      <Filter>Source Files</Filter>
    </ClCompile>
    <ClCompile Include="SerializableLevel.cpp">
      <Filter>Source Files\Data</Filter>
    </ClCompile>
  </ItemGroup>
  <ItemGroup>
    <ClInclude Include="Game.h">
      <Filter>Header Files</Filter>
    </ClInclude>
    <ClInclude Include="stdafx.h">
      <Filter>Header Files</Filter>
    </ClInclude>
    <ClInclude Include="resource.h">
      <Filter>Header Files</Filter>
    </ClInclude>
    <ClInclude Include="Conversion.h">
      <Filter>Header Files</Filter>
    </ClInclude>
    <ClInclude Include="Debug.h">
      <Filter>Header Files</Filter>
    </ClInclude>
    <ClInclude Include="Ball.h">
      <Filter>Header Files\GameObject</Filter>
    </ClInclude>
    <ClInclude Include="Block.h">
      <Filter>Header Files\GameObject</Filter>
    </ClInclude>
    <ClInclude Include="Bounds.h">
      <Filter>Header Files\GameObject</Filter>
    </ClInclude>
    <ClInclude Include="GameObject.h">
      <Filter>Header Files\GameObject</Filter>
    </ClInclude>
    <ClInclude Include="Paddle.h">
      <Filter>Header Files\GameObject</Filter>
    </ClInclude>
    <ClInclude Include="BlockMaker.h">
      <Filter>Header Files</Filter>
    </ClInclude>
    <ClInclude Include="BallStatusEffect.h">
      <Filter>Header Files\BallStatus</Filter>
    </ClInclude>
    <ClInclude Include="BallStatus_Downfall.h">
      <Filter>Header Files\BallStatus</Filter>
    </ClInclude>
    <ClInclude Include="BallStatus_Accelerate.h">
      <Filter>Header Files\BallStatus</Filter>
    </ClInclude>
    <ClInclude Include="Menu.h">
      <Filter>Header Files</Filter>
    </ClInclude>
    <ClInclude Include="Input.h">
      <Filter>Header Files</Filter>
    </ClInclude>
    <ClInclude Include="Sounds.h">
      <Filter>Header Files\Assets</Filter>
    </ClInclude>
    <ClInclude Include="Textures.h">
      <Filter>Header Files\Assets</Filter>
    </ClInclude>
    <ClInclude Include="Fonts.h">
      <Filter>Header Files\Assets</Filter>
    </ClInclude>
    <ClInclude Include="Level.h">
      <Filter>Header Files</Filter>
    </ClInclude>
    <ClInclude Include="SerializableLevel.h">
      <Filter>Header Files\Data</Filter>
    </ClInclude>
  </ItemGroup>
  <ItemGroup>
    <None Include="packages.config" />
  </ItemGroup>
  <ItemGroup>
    <ResourceCompile Include="SdlBreakout.rc">
      <Filter>Resource Files</Filter>
    </ResourceCompile>
  </ItemGroup>
</Project>